
Microsoft Visual Studio Solution File, Format Version 12.00
# Visual Studio Version 17
VisualStudioVersion = 17.3.32811.315
MinimumVisualStudioVersion = 10.0.40219.1
Project("{9A19103F-16F7-4668-BE54-9A1E7A4F7556}") = "KD.WPF.Client", "KD.WPF.Client\KD.WPF.Client.csproj", "{A17DD3D1-C8BD-44FB-AD68-4BD00198E020}"
EndProject
Project("{2150E333-8FDC-42A3-9474-1A3956D46DE8}") = "KD.Test", "KD.Test", "{86565428-2C60-4A32-A15B-E22DF2732158}"
EndProject
Project("{9A19103F-16F7-4668-BE54-9A1E7A4F7556}") = "KD.Test.Services", "KD.Test.Services\KD.Test.Services.csproj", "{12112B47-E0FF-4845-A1E0-9EBBB685A87B}"
EndProject
Project("{2150E333-8FDC-42A3-9474-1A3956D46DE8}") = "KD.WebAPI.Server", "KD.WebAPI.Server", "{6148A11D-2FB9-40A9-9091-905F52742B78}"
EndProject
Project("{9A19103F-16F7-4668-BE54-9A1E7A4F7556}") = "KD.Web.API", "KD.Web.API\KD.Web.API.csproj", "{7FAA8AA6-1442-494F-979E-3D6EDBEC795E}"
EndProject
Project("{9A19103F-16F7-4668-BE54-9A1E7A4F7556}") = "KD.Common.Model", "KD.Common.Model\KD.Common.Model.csproj", "{1B35532F-3B6C-42BC-A953-6D4E83E9FBDE}"
EndProject
Project("{9A19103F-16F7-4668-BE54-9A1E7A4F7556}") = "KD.Core", "KD.Core\KD.Core.csproj", "{D185B163-DB62-49BC-AEF8-31DF8CFE630F}"
EndProject
Project("{9A19103F-16F7-4668-BE54-9A1E7A4F7556}") = "KD.Services", "KD.Services\KD.Services.csproj", "{75F19532-9BD0-4320-9271-96951C4535A5}"
EndProject
Project("{2150E333-8FDC-42A3-9474-1A3956D46DE8}") = "KD.WPF.Client", "KD.WPF.Client", "{B289EF30-B645-453F-9272-67FFB5BF1ED6}"
EndProject
Global
	GlobalSection(SolutionConfigurationPlatforms) = preSolution
		Debug|Any CPU = Debug|Any CPU
		Release|Any CPU = Release|Any CPU
	EndGlobalSection
	GlobalSection(ProjectConfigurationPlatforms) = postSolution
		{A17DD3D1-C8BD-44FB-AD68-4BD00198E020}.Debug|Any CPU.ActiveCfg = Debug|Any CPU
		{A17DD3D1-C8BD-44FB-AD68-4BD00198E020}.Debug|Any CPU.Build.0 = Debug|Any CPU
		{A17DD3D1-C8BD-44FB-AD68-4BD00198E020}.Release|Any CPU.ActiveCfg = Release|Any CPU
		{A17DD3D1-C8BD-44FB-AD68-4BD00198E020}.Release|Any CPU.Build.0 = Release|Any CPU
		{12112B47-E0FF-4845-A1E0-9EBBB685A87B}.Debug|Any CPU.ActiveCfg = Debug|Any CPU
		{12112B47-E0FF-4845-A1E0-9EBBB685A87B}.Debug|Any CPU.Build.0 = Debug|Any CPU
		{12112B47-E0FF-4845-A1E0-9EBBB685A87B}.Release|Any CPU.ActiveCfg = Release|Any CPU
		{12112B47-E0FF-4845-A1E0-9EBBB685A87B}.Release|Any CPU.Build.0 = Release|Any CPU
		{7FAA8AA6-1442-494F-979E-3D6EDBEC795E}.Debug|Any CPU.ActiveCfg = Debug|Any CPU
		{7FAA8AA6-1442-494F-979E-3D6EDBEC795E}.Debug|Any CPU.Build.0 = Debug|Any CPU
		{7FAA8AA6-1442-494F-979E-3D6EDBEC795E}.Release|Any CPU.ActiveCfg = Release|Any CPU
		{7FAA8AA6-1442-494F-979E-3D6EDBEC795E}.Release|Any CPU.Build.0 = Release|Any CPU
		{1B35532F-3B6C-42BC-A953-6D4E83E9FBDE}.Debug|Any CPU.ActiveCfg = Debug|Any CPU
		{1B35532F-3B6C-42BC-A953-6D4E83E9FBDE}.Debug|Any CPU.Build.0 = Debug|Any CPU
		{1B35532F-3B6C-42BC-A953-6D4E83E9FBDE}.Release|Any CPU.ActiveCfg = Release|Any CPU
		{1B35532F-3B6C-42BC-A953-6D4E83E9FBDE}.Release|Any CPU.Build.0 = Release|Any CPU
		{D185B163-DB62-49BC-AEF8-31DF8CFE630F}.Debug|Any CPU.ActiveCfg = Debug|Any CPU
		{D185B163-DB62-49BC-AEF8-31DF8CFE630F}.Debug|Any CPU.Build.0 = Debug|Any CPU
		{D185B163-DB62-49BC-AEF8-31DF8CFE630F}.Release|Any CPU.ActiveCfg = Release|Any CPU
		{D185B163-DB62-49BC-AEF8-31DF8CFE630F}.Release|Any CPU.Build.0 = Release|Any CPU
		{75F19532-9BD0-4320-9271-96951C4535A5}.Debug|Any CPU.ActiveCfg = Debug|Any CPU
		{75F19532-9BD0-4320-9271-96951C4535A5}.Debug|Any CPU.Build.0 = Debug|Any CPU
		{75F19532-9BD0-4320-9271-96951C4535A5}.Release|Any CPU.ActiveCfg = Release|Any CPU
		{75F19532-9BD0-4320-9271-96951C4535A5}.Release|Any CPU.Build.0 = Release|Any CPU
	EndGlobalSection
	GlobalSection(SolutionProperties) = preSolution
		HideSolutionNode = FALSE
	EndGlobalSection
	GlobalSection(NestedProjects) = preSolution
		{A17DD3D1-C8BD-44FB-AD68-4BD00198E020} = {B289EF30-B645-453F-9272-67FFB5BF1ED6}
		{12112B47-E0FF-4845-A1E0-9EBBB685A87B} = {86565428-2C60-4A32-A15B-E22DF2732158}
		{7FAA8AA6-1442-494F-979E-3D6EDBEC795E} = {6148A11D-2FB9-40A9-9091-905F52742B78}
		{1B35532F-3B6C-42BC-A953-6D4E83E9FBDE} = {6148A11D-2FB9-40A9-9091-905F52742B78}
		{D185B163-DB62-49BC-AEF8-31DF8CFE630F} = {6148A11D-2FB9-40A9-9091-905F52742B78}
		{75F19532-9BD0-4320-9271-96951C4535A5} = {6148A11D-2FB9-40A9-9091-905F52742B78}
	EndGlobalSection
	GlobalSection(ExtensibilityGlobals) = postSolution
		SolutionGuid = {CF2D3A5E-F72F-4761-AC48-861C73500ED1}
	EndGlobalSection
EndGlobal
